
Microsoft Visual Studio Solution File, Format Version 12.00
# Visual Studio Version 17
VisualStudioVersion = 17.5.2.0
MinimumVisualStudioVersion = 10.0.40219.1
Project("{2150E333-8FDC-42A3-9474-1A3956D46DE8}") = "src", "src", "{827E0CD3-B72D-47B6-A68D-7590B98EB39B}"
EndProject
Project("{FAE04EC0-301F-11D3-BF4B-00C04F79EFBC}") = "Aislinn.Agent", "src\Aislinn.Agent\Aislinn.Agent.csproj", "{09DFA076-046D-C585-D030-F3F01C642676}"
EndProject
Project("{FAE04EC0-301F-11D3-BF4B-00C04F79EFBC}") = "Aislinn.Core", "src\Aislinn.Core\Aislinn.Core.csproj", "{2973BDB9-7ACC-597D-7868-2FA9CAA43346}"
EndProject
Project("{FAE04EC0-301F-11D3-BF4B-00C04F79EFBC}") = "Aislinn.VectorStorage", "src\Aislinn.VectorStorage\Aislinn.VectorStorage.csproj", "{5714B5E4-E99E-BD8E-D637-BE62043E8842}"
EndProject
Project("{FAE04EC0-301F-11D3-BF4B-00C04F79EFBC}") = "Aislinn.Raina", "src\Aislinn.Raina\Aislinn.Raina.csproj", "{239CA57E-CE95-439C-85A1-BE1C38496A86}"
EndProject
Project("{FAE04EC0-301F-11D3-BF4B-00C04F79EFBC}") = "RAINA.ConsoleApp", "src\RAINA.ConsoleApp\RAINA.ConsoleApp.csproj", "{27A79631-4BD6-4C78-9CC2-99E7F99F9799}"
EndProject
Project("{FAE04EC0-301F-11D3-BF4B-00C04F79EFBC}") = "RAINA.WebApp", "src\RAINA.WebApp\RAINA.WebApp.csproj", "{4F67A19B-5DB5-47A4-81BD-9D2168F0BD0E}"
EndProject
Project("{2150E333-8FDC-42A3-9474-1A3956D46DE8}") = "RAINA.MCP", "RAINA.MCP", "{EBB64984-E1A5-810B-86E3-A2530BDC5C67}"
EndProject
Project("{2150E333-8FDC-42A3-9474-1A3956D46DE8}") = "RAINA.MCP.Task", "RAINA.MCP.Task", "{A78707B0-E7B6-68AA-118E-60E26B9722E4}"
EndProject
Project("{FAE04EC0-301F-11D3-BF4B-00C04F79EFBC}") = "RAINA.MCP.Task", "src\RAINA.MCP\RAINA.MCP.Task\RAINA.MCP.Task\RAINA.MCP.Task.csproj", "{A3EF5781-FF9B-42A5-9E91-2D004BBD039C}"
EndProject
Project("{2150E333-8FDC-42A3-9474-1A3956D46DE8}") = "RAINA.MCP.Query", "RAINA.MCP.Query", "{28CBB9E5-E548-723D-0F9E-86EF0D6FB6AF}"
EndProject
Project("{FAE04EC0-301F-11D3-BF4B-00C04F79EFBC}") = "RAINA.MCP.Query", "src\RAINA.MCP\RAINA.MCP.Query\RAINA.MCP.Query\RAINA.MCP.Query.csproj", "{F6685DBD-616E-4704-9943-F2E1FAF09987}"
EndProject
Project("{2150E333-8FDC-42A3-9474-1A3956D46DE8}") = "RAINA.MCP.Memory", "RAINA.MCP.Memory", "{58900780-6871-B359-6129-74867B0AF1F4}"
EndProject
Project("{FAE04EC0-301F-11D3-BF4B-00C04F79EFBC}") = "RAINA.MCP.Memory", "src\RAINA.MCP\RAINA.MCP.Memory\RAINA.MCP.Memory\RAINA.MCP.Memory.csproj", "{F1DC5BA5-EFE9-46CA-8B01-872C4E4FD65D}"
EndProject
Global
	GlobalSection(SolutionConfigurationPlatforms) = preSolution
		Debug|Any CPU = Debug|Any CPU
		Debug|x64 = Debug|x64
		Debug|x86 = Debug|x86
		Release|Any CPU = Release|Any CPU
		Release|x64 = Release|x64
		Release|x86 = Release|x86
	EndGlobalSection
	GlobalSection(ProjectConfigurationPlatforms) = postSolution
		{09DFA076-046D-C585-D030-F3F01C642676}.Debug|Any CPU.ActiveCfg = Debug|Any CPU
		{09DFA076-046D-C585-D030-F3F01C642676}.Debug|Any CPU.Build.0 = Debug|Any CPU
		{09DFA076-046D-C585-D030-F3F01C642676}.Debug|x64.ActiveCfg = Debug|Any CPU
		{09DFA076-046D-C585-D030-F3F01C642676}.Debug|x64.Build.0 = Debug|Any CPU
		{09DFA076-046D-C585-D030-F3F01C642676}.Debug|x86.ActiveCfg = Debug|Any CPU
		{09DFA076-046D-C585-D030-F3F01C642676}.Debug|x86.Build.0 = Debug|Any CPU
		{09DFA076-046D-C585-D030-F3F01C642676}.Release|Any CPU.ActiveCfg = Release|Any CPU
		{09DFA076-046D-C585-D030-F3F01C642676}.Release|Any CPU.Build.0 = Release|Any CPU
		{09DFA076-046D-C585-D030-F3F01C642676}.Release|x64.ActiveCfg = Release|Any CPU
		{09DFA076-046D-C585-D030-F3F01C642676}.Release|x64.Build.0 = Release|Any CPU
		{09DFA076-046D-C585-D030-F3F01C642676}.Release|x86.ActiveCfg = Release|Any CPU
		{09DFA076-046D-C585-D030-F3F01C642676}.Release|x86.Build.0 = Release|Any CPU
		{2973BDB9-7ACC-597D-7868-2FA9CAA43346}.Debug|Any CPU.ActiveCfg = Debug|Any CPU
		{2973BDB9-7ACC-597D-7868-2FA9CAA43346}.Debug|Any CPU.Build.0 = Debug|Any CPU
		{2973BDB9-7ACC-597D-7868-2FA9CAA43346}.Debug|x64.ActiveCfg = Debug|Any CPU
		{2973BDB9-7ACC-597D-7868-2FA9CAA43346}.Debug|x64.Build.0 = Debug|Any CPU
		{2973BDB9-7ACC-597D-7868-2FA9CAA43346}.Debug|x86.ActiveCfg = Debug|Any CPU
		{2973BDB9-7ACC-597D-7868-2FA9CAA43346}.Debug|x86.Build.0 = Debug|Any CPU
		{2973BDB9-7ACC-597D-7868-2FA9CAA43346}.Release|Any CPU.ActiveCfg = Release|Any CPU
		{2973BDB9-7ACC-597D-7868-2FA9CAA43346}.Release|Any CPU.Build.0 = Release|Any CPU
		{2973BDB9-7ACC-597D-7868-2FA9CAA43346}.Release|x64.ActiveCfg = Release|Any CPU
		{2973BDB9-7ACC-597D-7868-2FA9CAA43346}.Release|x64.Build.0 = Release|Any CPU
		{2973BDB9-7ACC-597D-7868-2FA9CAA43346}.Release|x86.ActiveCfg = Release|Any CPU
		{2973BDB9-7ACC-597D-7868-2FA9CAA43346}.Release|x86.Build.0 = Release|Any CPU
		{5714B5E4-E99E-BD8E-D637-BE62043E8842}.Debug|Any CPU.ActiveCfg = Debug|Any CPU
		{5714B5E4-E99E-BD8E-D637-BE62043E8842}.Debug|Any CPU.Build.0 = Debug|Any CPU
		{5714B5E4-E99E-BD8E-D637-BE62043E8842}.Debug|x64.ActiveCfg = Debug|Any CPU
		{5714B5E4-E99E-BD8E-D637-BE62043E8842}.Debug|x64.Build.0 = Debug|Any CPU
		{5714B5E4-E99E-BD8E-D637-BE62043E8842}.Debug|x86.ActiveCfg = Debug|Any CPU
		{5714B5E4-E99E-BD8E-D637-BE62043E8842}.Debug|x86.Build.0 = Debug|Any CPU
		{5714B5E4-E99E-BD8E-D637-BE62043E8842}.Release|Any CPU.ActiveCfg = Release|Any CPU
		{5714B5E4-E99E-BD8E-D637-BE62043E8842}.Release|Any CPU.Build.0 = Release|Any CPU
		{5714B5E4-E99E-BD8E-D637-BE62043E8842}.Release|x64.ActiveCfg = Release|Any CPU
		{5714B5E4-E99E-BD8E-D637-BE62043E8842}.Release|x64.Build.0 = Release|Any CPU
		{5714B5E4-E99E-BD8E-D637-BE62043E8842}.Release|x86.ActiveCfg = Release|Any CPU
		{5714B5E4-E99E-BD8E-D637-BE62043E8842}.Release|x86.Build.0 = Release|Any CPU
		{239CA57E-CE95-439C-85A1-BE1C38496A86}.Debug|Any CPU.ActiveCfg = Debug|Any CPU
		{239CA57E-CE95-439C-85A1-BE1C38496A86}.Debug|Any CPU.Build.0 = Debug|Any CPU
		{239CA57E-CE95-439C-85A1-BE1C38496A86}.Debug|x64.ActiveCfg = Debug|Any CPU
		{239CA57E-CE95-439C-85A1-BE1C38496A86}.Debug|x64.Build.0 = Debug|Any CPU
		{239CA57E-CE95-439C-85A1-BE1C38496A86}.Debug|x86.ActiveCfg = Debug|Any CPU
		{239CA57E-CE95-439C-85A1-BE1C38496A86}.Debug|x86.Build.0 = Debug|Any CPU
		{239CA57E-CE95-439C-85A1-BE1C38496A86}.Release|Any CPU.ActiveCfg = Release|Any CPU
		{239CA57E-CE95-439C-85A1-BE1C38496A86}.Release|Any CPU.Build.0 = Release|Any CPU
		{239CA57E-CE95-439C-85A1-BE1C38496A86}.Release|x64.ActiveCfg = Release|Any CPU
		{239CA57E-CE95-439C-85A1-BE1C38496A86}.Release|x64.Build.0 = Release|Any CPU
		{239CA57E-CE95-439C-85A1-BE1C38496A86}.Release|x86.ActiveCfg = Release|Any CPU
		{239CA57E-CE95-439C-85A1-BE1C38496A86}.Release|x86.Build.0 = Release|Any CPU
		{27A79631-4BD6-4C78-9CC2-99E7F99F9799}.Debug|Any CPU.ActiveCfg = Debug|Any CPU
		{27A79631-4BD6-4C78-9CC2-99E7F99F9799}.Debug|Any CPU.Build.0 = Debug|Any CPU
		{27A79631-4BD6-4C78-9CC2-99E7F99F9799}.Debug|x64.ActiveCfg = Debug|Any CPU
		{27A79631-4BD6-4C78-9CC2-99E7F99F9799}.Debug|x64.Build.0 = Debug|Any CPU
		{27A79631-4BD6-4C78-9CC2-99E7F99F9799}.Debug|x86.ActiveCfg = Debug|Any CPU
		{27A79631-4BD6-4C78-9CC2-99E7F99F9799}.Debug|x86.Build.0 = Debug|Any CPU
		{27A79631-4BD6-4C78-9CC2-99E7F99F9799}.Release|Any CPU.ActiveCfg = Release|Any CPU
		{27A79631-4BD6-4C78-9CC2-99E7F99F9799}.Release|Any CPU.Build.0 = Release|Any CPU
		{27A79631-4BD6-4C78-9CC2-99E7F99F9799}.Release|x64.ActiveCfg = Release|Any CPU
		{27A79631-4BD6-4C78-9CC2-99E7F99F9799}.Release|x64.Build.0 = Release|Any CPU
		{27A79631-4BD6-4C78-9CC2-99E7F99F9799}.Release|x86.ActiveCfg = Release|Any CPU
		{27A79631-4BD6-4C78-9CC2-99E7F99F9799}.Release|x86.Build.0 = Release|Any CPU
		{4F67A19B-5DB5-47A4-81BD-9D2168F0BD0E}.Debug|Any CPU.ActiveCfg = Debug|Any CPU
		{4F67A19B-5DB5-47A4-81BD-9D2168F0BD0E}.Debug|Any CPU.Build.0 = Debug|Any CPU
		{4F67A19B-5DB5-47A4-81BD-9D2168F0BD0E}.Debug|x64.ActiveCfg = Debug|Any CPU
		{4F67A19B-5DB5-47A4-81BD-9D2168F0BD0E}.Debug|x64.Build.0 = Debug|Any CPU
		{4F67A19B-5DB5-47A4-81BD-9D2168F0BD0E}.Debug|x86.ActiveCfg = Debug|Any CPU
		{4F67A19B-5DB5-47A4-81BD-9D2168F0BD0E}.Debug|x86.Build.0 = Debug|Any CPU
		{4F67A19B-5DB5-47A4-81BD-9D2168F0BD0E}.Release|Any CPU.ActiveCfg = Release|Any CPU
		{4F67A19B-5DB5-47A4-81BD-9D2168F0BD0E}.Release|Any CPU.Build.0 = Release|Any CPU
		{4F67A19B-5DB5-47A4-81BD-9D2168F0BD0E}.Release|x64.ActiveCfg = Release|Any CPU
		{4F67A19B-5DB5-47A4-81BD-9D2168F0BD0E}.Release|x64.Build.0 = Release|Any CPU
		{4F67A19B-5DB5-47A4-81BD-9D2168F0BD0E}.Release|x86.ActiveCfg = Release|Any CPU
		{4F67A19B-5DB5-47A4-81BD-9D2168F0BD0E}.Release|x86.Build.0 = Release|Any CPU
		{A3EF5781-FF9B-42A5-9E91-2D004BBD039C}.Debug|Any CPU.ActiveCfg = Debug|Any CPU
		{A3EF5781-FF9B-42A5-9E91-2D004BBD039C}.Debug|Any CPU.Build.0 = Debug|Any CPU
		{A3EF5781-FF9B-42A5-9E91-2D004BBD039C}.Debug|x64.ActiveCfg = Debug|Any CPU
		{A3EF5781-FF9B-42A5-9E91-2D004BBD039C}.Debug|x64.Build.0 = Debug|Any CPU
		{A3EF5781-FF9B-42A5-9E91-2D004BBD039C}.Debug|x86.ActiveCfg = Debug|Any CPU
		{A3EF5781-FF9B-42A5-9E91-2D004BBD039C}.Debug|x86.Build.0 = Debug|Any CPU
		{A3EF5781-FF9B-42A5-9E91-2D004BBD039C}.Release|Any CPU.ActiveCfg = Release|Any CPU
		{A3EF5781-FF9B-42A5-9E91-2D004BBD039C}.Release|Any CPU.Build.0 = Release|Any CPU
		{A3EF5781-FF9B-42A5-9E91-2D004BBD039C}.Release|x64.ActiveCfg = Release|Any CPU
		{A3EF5781-FF9B-42A5-9E91-2D004BBD039C}.Release|x64.Build.0 = Release|Any CPU
		{A3EF5781-FF9B-42A5-9E91-2D004BBD039C}.Release|x86.ActiveCfg = Release|Any CPU
		{A3EF5781-FF9B-42A5-9E91-2D004BBD039C}.Release|x86.Build.0 = Release|Any CPU
		{F6685DBD-616E-4704-9943-F2E1FAF09987}.Debug|Any CPU.ActiveCfg = Debug|Any CPU
		{F6685DBD-616E-4704-9943-F2E1FAF09987}.Debug|Any CPU.Build.0 = Debug|Any CPU
		{F6685DBD-616E-4704-9943-F2E1FAF09987}.Debug|x64.ActiveCfg = Debug|Any CPU
		{F6685DBD-616E-4704-9943-F2E1FAF09987}.Debug|x64.Build.0 = Debug|Any CPU
		{F6685DBD-616E-4704-9943-F2E1FAF09987}.Debug|x86.ActiveCfg = Debug|Any CPU
		{F6685DBD-616E-4704-9943-F2E1FAF09987}.Debug|x86.Build.0 = Debug|Any CPU
		{F6685DBD-616E-4704-9943-F2E1FAF09987}.Release|Any CPU.ActiveCfg = Release|Any CPU
		{F6685DBD-616E-4704-9943-F2E1FAF09987}.Release|Any CPU.Build.0 = Release|Any CPU
		{F6685DBD-616E-4704-9943-F2E1FAF09987}.Release|x64.ActiveCfg = Release|Any CPU
		{F6685DBD-616E-4704-9943-F2E1FAF09987}.Release|x64.Build.0 = Release|Any CPU
		{F6685DBD-616E-4704-9943-F2E1FAF09987}.Release|x86.ActiveCfg = Release|Any CPU
		{F6685DBD-616E-4704-9943-F2E1FAF09987}.Release|x86.Build.0 = Release|Any CPU
		{F1DC5BA5-EFE9-46CA-8B01-872C4E4FD65D}.Debug|Any CPU.ActiveCfg = Debug|Any CPU
		{F1DC5BA5-EFE9-46CA-8B01-872C4E4FD65D}.Debug|Any CPU.Build.0 = Debug|Any CPU
		{F1DC5BA5-EFE9-46CA-8B01-872C4E4FD65D}.Debug|x64.ActiveCfg = Debug|Any CPU
		{F1DC5BA5-EFE9-46CA-8B01-872C4E4FD65D}.Debug|x64.Build.0 = Debug|Any CPU
		{F1DC5BA5-EFE9-46CA-8B01-872C4E4FD65D}.Debug|x86.ActiveCfg = Debug|Any CPU
		{F1DC5BA5-EFE9-46CA-8B01-872C4E4FD65D}.Debug|x86.Build.0 = Debug|Any CPU
		{F1DC5BA5-EFE9-46CA-8B01-872C4E4FD65D}.Release|Any CPU.ActiveCfg = Release|Any CPU
		{F1DC5BA5-EFE9-46CA-8B01-872C4E4FD65D}.Release|Any CPU.Build.0 = Release|Any CPU
		{F1DC5BA5-EFE9-46CA-8B01-872C4E4FD65D}.Release|x64.ActiveCfg = Release|Any CPU
		{F1DC5BA5-EFE9-46CA-8B01-872C4E4FD65D}.Release|x64.Build.0 = Release|Any CPU
		{F1DC5BA5-EFE9-46CA-8B01-872C4E4FD65D}.Release|x86.ActiveCfg = Release|Any CPU
		{F1DC5BA5-EFE9-46CA-8B01-872C4E4FD65D}.Release|x86.Build.0 = Release|Any CPU
	EndGlobalSection
	GlobalSection(SolutionProperties) = preSolution
		HideSolutionNode = FALSE
	EndGlobalSection
	GlobalSection(NestedProjects) = preSolution
		{09DFA076-046D-C585-D030-F3F01C642676} = {827E0CD3-B72D-47B6-A68D-7590B98EB39B}
		{2973BDB9-7ACC-597D-7868-2FA9CAA43346} = {827E0CD3-B72D-47B6-A68D-7590B98EB39B}
		{5714B5E4-E99E-BD8E-D637-BE62043E8842} = {827E0CD3-B72D-47B6-A68D-7590B98EB39B}
		{239CA57E-CE95-439C-85A1-BE1C38496A86} = {827E0CD3-B72D-47B6-A68D-7590B98EB39B}
		{4F67A19B-5DB5-47A4-81BD-9D2168F0BD0E} = {827E0CD3-B72D-47B6-A68D-7590B98EB39B}
		{EBB64984-E1A5-810B-86E3-A2530BDC5C67} = {827E0CD3-B72D-47B6-A68D-7590B98EB39B}
		{A78707B0-E7B6-68AA-118E-60E26B9722E4} = {EBB64984-E1A5-810B-86E3-A2530BDC5C67}
		{A3EF5781-FF9B-42A5-9E91-2D004BBD039C} = {A78707B0-E7B6-68AA-118E-60E26B9722E4}
		{28CBB9E5-E548-723D-0F9E-86EF0D6FB6AF} = {EBB64984-E1A5-810B-86E3-A2530BDC5C67}
		{F6685DBD-616E-4704-9943-F2E1FAF09987} = {28CBB9E5-E548-723D-0F9E-86EF0D6FB6AF}
		{58900780-6871-B359-6129-74867B0AF1F4} = {EBB64984-E1A5-810B-86E3-A2530BDC5C67}
		{F1DC5BA5-EFE9-46CA-8B01-872C4E4FD65D} = {58900780-6871-B359-6129-74867B0AF1F4}
	EndGlobalSection
	GlobalSection(ExtensibilityGlobals) = postSolution
		SolutionGuid = {C79D1274-C4A4-4E41-B035-C28CD20788A8}
	EndGlobalSection
EndGlobal
